// !$*UTF8*$!
{
	archiveVersion = 1;
	classes = {
	};
	objectVersion = 55;
	objects = {

/* Begin PBXBuildFile section */
		088D1AEC27F7CB1B005CD425 /* AppDelegate.swift in Sources */ = {isa = PBXBuildFile; fileRef = 088D1AEB27F7CB1B005CD425 /* AppDelegate.swift */; };
		088D1AEE27F7CB1B005CD425 /* SceneDelegate.swift in Sources */ = {isa = PBXBuildFile; fileRef = 088D1AED27F7CB1B005CD425 /* SceneDelegate.swift */; };
		088D1AF027F7CB1B005CD425 /* ViewController.swift in Sources */ = {isa = PBXBuildFile; fileRef = 088D1AEF27F7CB1B005CD425 /* ViewController.swift */; };
		088D1AF327F7CB1B005CD425 /* Main.storyboard in Resources */ = {isa = PBXBuildFile; fileRef = 088D1AF127F7CB1B005CD425 /* Main.storyboard */; };
		088D1AF527F7CB1E005CD425 /* Assets.xcassets in Resources */ = {isa = PBXBuildFile; fileRef = 088D1AF427F7CB1E005CD425 /* Assets.xcassets */; };
		088D1AF827F7CB1E005CD425 /* LaunchScreen.storyboard in Resources */ = {isa = PBXBuildFile; fileRef = 088D1AF627F7CB1E005CD425 /* LaunchScreen.storyboard */; };
		08B089E927F86AB300AF71DB /* TodayADView.swift in Sources */ = {isa = PBXBuildFile; fileRef = 08B089E827F86AB200AF71DB /* TodayADView.swift */; };
		08B089EB27F86B5300AF71DB /* TodayADTableViewCell.swift in Sources */ = {isa = PBXBuildFile; fileRef = 08B089EA27F86B5300AF71DB /* TodayADTableViewCell.swift */; };
		08B089F027F86C4C00AF71DB /* SnapKit in Frameworks */ = {isa = PBXBuildFile; productRef = 08B089EF27F86C4C00AF71DB /* SnapKit */; };
		08B089F227F8803300AF71DB /* TodayADHeaderView.swift in Sources */ = {isa = PBXBuildFile; fileRef = 08B089F127F8803300AF71DB /* TodayADHeaderView.swift */; };
/* End PBXBuildFile section */

/* Begin PBXFileReference section */
		088D1AE827F7CB1B005CD425 /* StoryBoardTutorial.app */ = {isa = PBXFileReference; explicitFileType = wrapper.application; includeInIndex = 0; path = StoryBoardTutorial.app; sourceTree = BUILT_PRODUCTS_DIR; };
		088D1AEB27F7CB1B005CD425 /* AppDelegate.swift */ = {isa = PBXFileReference; lastKnownFileType = sourcecode.swift; path = AppDelegate.swift; sourceTree = "<group>"; };
		088D1AED27F7CB1B005CD425 /* SceneDelegate.swift */ = {isa = PBXFileReference; lastKnownFileType = sourcecode.swift; path = SceneDelegate.swift; sourceTree = "<group>"; };
		088D1AEF27F7CB1B005CD425 /* ViewController.swift */ = {isa = PBXFileReference; lastKnownFileType = sourcecode.swift; path = ViewController.swift; sourceTree = "<group>"; };
		088D1AF227F7CB1B005CD425 /* Base */ = {isa = PBXFileReference; lastKnownFileType = file.storyboard; name = Base; path = Base.lproj/Main.storyboard; sourceTree = "<group>"; };
		088D1AF427F7CB1E005CD425 /* Assets.xcassets */ = {isa = PBXFileReference; lastKnownFileType = folder.assetcatalog; path = Assets.xcassets; sourceTree = "<group>"; };
		088D1AF727F7CB1E005CD425 /* Base */ = {isa = PBXFileReference; lastKnownFileType = file.storyboard; name = Base; path = Base.lproj/LaunchScreen.storyboard; sourceTree = "<group>"; };
		088D1AF927F7CB1E005CD425 /* Info.plist */ = {isa = PBXFileReference; lastKnownFileType = text.plist.xml; path = Info.plist; sourceTree = "<group>"; };
		08B089E827F86AB200AF71DB /* TodayADView.swift */ = {isa = PBXFileReference; lastKnownFileType = sourcecode.swift; path = TodayADView.swift; sourceTree = "<group>"; };
		08B089EA27F86B5300AF71DB /* TodayADTableViewCell.swift */ = {isa = PBXFileReference; lastKnownFileType = sourcecode.swift; path = TodayADTableViewCell.swift; sourceTree = "<group>"; };
		08B089F127F8803300AF71DB /* TodayADHeaderView.swift */ = {isa = PBXFileReference; lastKnownFileType = sourcecode.swift; path = TodayADHeaderView.swift; sourceTree = "<group>"; };
/* End PBXFileReference section */

/* Begin PBXFrameworksBuildPhase section */
		088D1AE527F7CB1B005CD425 /* Frameworks */ = {
			isa = PBXFrameworksBuildPhase;
			buildActionMask = 2147483647;
			files = (
				08B089F027F86C4C00AF71DB /* SnapKit in Frameworks */,
			);
			runOnlyForDeploymentPostprocessing = 0;
		};
/* End PBXFrameworksBuildPhase section */

/* Begin PBXGroup section */
		088D1ADF27F7CB1A005CD425 = {
			isa = PBXGroup;
			children = (
				088D1AEA27F7CB1B005CD425 /* StoryBoardTutorial */,
				088D1AE927F7CB1B005CD425 /* Products */,
			);
			sourceTree = "<group>";
		};
		088D1AE927F7CB1B005CD425 /* Products */ = {
			isa = PBXGroup;
			children = (
				088D1AE827F7CB1B005CD425 /* StoryBoardTutorial.app */,
			);
			name = Products;
			sourceTree = "<group>";
		};
		088D1AEA27F7CB1B005CD425 /* StoryBoardTutorial */ = {
			isa = PBXGroup;
			children = (
				088D1AEB27F7CB1B005CD425 /* AppDelegate.swift */,
				088D1AED27F7CB1B005CD425 /* SceneDelegate.swift */,
				088D1AEF27F7CB1B005CD425 /* ViewController.swift */,
				088D1AF127F7CB1B005CD425 /* Main.storyboard */,
				088D1AF427F7CB1E005CD425 /* Assets.xcassets */,
				088D1AF627F7CB1E005CD425 /* LaunchScreen.storyboard */,
				088D1AF927F7CB1E005CD425 /* Info.plist */,
				08B089ED27F86B6000AF71DB /* TodayADView */,
			);
			path = StoryBoardTutorial;
			sourceTree = "<group>";
		};
		08B089ED27F86B6000AF71DB /* TodayADView */ = {
			isa = PBXGroup;
			children = (
				08B089E827F86AB200AF71DB /* TodayADView.swift */,
				08B089EA27F86B5300AF71DB /* TodayADTableViewCell.swift */,
				08B089F127F8803300AF71DB /* TodayADHeaderView.swift */,
			);
			path = TodayADView;
			sourceTree = "<group>";
		};
/* End PBXGroup section */

/* Begin PBXNativeTarget section */
		088D1AE727F7CB1B005CD425 /* StoryBoardTutorial */ = {
			isa = PBXNativeTarget;
			buildConfigurationList = 088D1AFC27F7CB1E005CD425 /* Build configuration list for PBXNativeTarget "StoryBoardTutorial" */;
			buildPhases = (
				088D1AE427F7CB1B005CD425 /* Sources */,
				088D1AE527F7CB1B005CD425 /* Frameworks */,
				088D1AE627F7CB1B005CD425 /* Resources */,
			);
			buildRules = (
			);
			dependencies = (
			);
			name = StoryBoardTutorial;
			packageProductDependencies = (
				08B089EF27F86C4C00AF71DB /* SnapKit */,
			);
			productName = StoryBoardTutorial;
			productReference = 088D1AE827F7CB1B005CD425 /* StoryBoardTutorial.app */;
			productType = "com.apple.product-type.application";
		};
/* End PBXNativeTarget section */

/* Begin PBXProject section */
		088D1AE027F7CB1A005CD425 /* Project object */ = {
			isa = PBXProject;
			attributes = {
				BuildIndependentTargetsInParallel = 1;
				LastSwiftUpdateCheck = 1330;
				LastUpgradeCheck = 1330;
				TargetAttributes = {
					088D1AE727F7CB1B005CD425 = {
						CreatedOnToolsVersion = 13.3;
					};
				};
			};
			buildConfigurationList = 088D1AE327F7CB1A005CD425 /* Build configuration list for PBXProject "StoryBoardTutorial" */;
			compatibilityVersion = "Xcode 13.0";
			developmentRegion = en;
			hasScannedForEncodings = 0;
			knownRegions = (
				en,
				Base,
			);
			mainGroup = 088D1ADF27F7CB1A005CD425;
			packageReferences = (
				08B089EE27F86C4C00AF71DB /* XCRemoteSwiftPackageReference "SnapKit" */,
			);
			productRefGroup = 088D1AE927F7CB1B005CD425 /* Products */;
			projectDirPath = "";
			projectRoot = "";
			targets = (
				088D1AE727F7CB1B005CD425 /* StoryBoardTutorial */,
			);
		};
/* End PBXProject section */

/* Begin PBXResourcesBuildPhase section */
		088D1AE627F7CB1B005CD425 /* Resources */ = {
			isa = PBXResourcesBuildPhase;
			buildActionMask = 2147483647;
			files = (
				088D1AF827F7CB1E005CD425 /* LaunchScreen.storyboard in Resources */,
				088D1AF527F7CB1E005CD425 /* Assets.xcassets in Resources */,
				088D1AF327F7CB1B005CD425 /* Main.storyboard in Resources */,
			);
			runOnlyForDeploymentPostprocessing = 0;
		};
/* End PBXResourcesBuildPhase section */

/* Begin PBXSourcesBuildPhase section */
		088D1AE427F7CB1B005CD425 /* Sources */ = {
			isa = PBXSourcesBuildPhase;
			buildActionMask = 2147483647;
			files = (
				088D1AF027F7CB1B005CD425 /* ViewController.swift in Sources */,
				08B089E927F86AB300AF71DB /* TodayADView.swift in Sources */,
				088D1AEC27F7CB1B005CD425 /* AppDelegate.swift in Sources */,
				08B089F227F8803300AF71DB /* TodayADHeaderView.swift in Sources */,
				08B089EB27F86B5300AF71DB /* TodayADTableViewCell.swift in Sources */,
				088D1AEE27F7CB1B005CD425 /* SceneDelegate.swift in Sources */,
			);
			runOnlyForDeploymentPostprocessing = 0;
		};
/* End PBXSourcesBuildPhase section */

/* Begin PBXVariantGroup section */
		088D1AF127F7CB1B005CD425 /* Main.storyboard */ = {
			isa = PBXVariantGroup;
			children = (
				088D1AF227F7CB1B005CD425 /* Base */,
			);
			name = Main.storyboard;
			sourceTree = "<group>";
		};
		088D1AF627F7CB1E005CD425 /* LaunchScreen.storyboard */ = {
			isa = PBXVariantGroup;
			children = (
				088D1AF727F7CB1E005CD425 /* Base */,
			);
			name = LaunchScreen.storyboard;
			sourceTree = "<group>";
		};
/* End PBXVariantGroup section */

/* Begin XCBuildConfiguration section */
		088D1AFA27F7CB1E005CD425 /* Debug */ = {
			isa = XCBuildConfiguration;
			buildSettings = {
				ALWAYS_SEARCH_USER_PATHS = NO;
				CLANG_ANALYZER_NONNULL = YES;
				CLANG_ANALYZER_NUMBER_OBJECT_CONVERSION = YES_AGGRESSIVE;
				CLANG_CXX_LANGUAGE_STANDARD = "gnu++17";
				CLANG_ENABLE_MODULES = YES;
				CLANG_ENABLE_OBJC_ARC = YES;
				CLANG_ENABLE_OBJC_WEAK = YES;
				CLANG_WARN_BLOCK_CAPTURE_AUTORELEASING = YES;
				CLANG_WARN_BOOL_CONVERSION = YES;
				CLANG_WARN_COMMA = YES;
				CLANG_WARN_CONSTANT_CONVERSION = YES;
				CLANG_WARN_DEPRECATED_OBJC_IMPLEMENTATIONS = YES;
				CLANG_WARN_DIRECT_OBJC_ISA_USAGE = YES_ERROR;
				CLANG_WARN_DOCUMENTATION_COMMENTS = YES;
				CLANG_WARN_EMPTY_BODY = YES;
				CLANG_WARN_ENUM_CONVERSION = YES;
				CLANG_WARN_INFINITE_RECURSION = YES;
				CLANG_WARN_INT_CONVERSION = YES;
				CLANG_WARN_NON_LITERAL_NULL_CONVERSION = YES;
				CLANG_WARN_OBJC_IMPLICIT_RETAIN_SELF = YES;
				CLANG_WARN_OBJC_LITERAL_CONVERSION = YES;
				CLANG_WARN_OBJC_ROOT_CLASS = YES_ERROR;
				CLANG_WARN_QUOTED_INCLUDE_IN_FRAMEWORK_HEADER = YES;
				CLANG_WARN_RANGE_LOOP_ANALYSIS = YES;
				CLANG_WARN_STRICT_PROTOTYPES = YES;
				CLANG_WARN_SUSPICIOUS_MOVE = YES;
				CLANG_WARN_UNGUARDED_AVAILABILITY = YES_AGGRESSIVE;
				CLANG_WARN_UNREACHABLE_CODE = YES;
				CLANG_WARN__DUPLICATE_METHOD_MATCH = YES;
				COPY_PHASE_STRIP = NO;
				DEBUG_INFORMATION_FORMAT = dwarf;
				ENABLE_STRICT_OBJC_MSGSEND = YES;
				ENABLE_TESTABILITY = YES;
				GCC_C_LANGUAGE_STANDARD = gnu11;
				GCC_DYNAMIC_NO_PIC = NO;
				GCC_NO_COMMON_BLOCKS = YES;
				GCC_OPTIMIZATION_LEVEL = 0;
				GCC_PREPROCESSOR_DEFINITIONS = (
					"DEBUG=1",
					"$(inherited)",
				);
				GCC_WARN_64_TO_32_BIT_CONVERSION = YES;
				GCC_WARN_ABOUT_RETURN_TYPE = YES_ERROR;
				GCC_WARN_UNDECLARED_SELECTOR = YES;
				GCC_WARN_UNINITIALIZED_AUTOS = YES_AGGRESSIVE;
				GCC_WARN_UNUSED_FUNCTION = YES;
				GCC_WARN_UNUSED_VARIABLE = YES;
				IPHONEOS_DEPLOYMENT_TARGET = 15.4;
				MTL_ENABLE_DEBUG_INFO = INCLUDE_SOURCE;
				MTL_FAST_MATH = YES;
				ONLY_ACTIVE_ARCH = YES;
				SDKROOT = iphoneos;
				SWIFT_ACTIVE_COMPILATION_CONDITIONS = DEBUG;
				SWIFT_OPTIMIZATION_LEVEL = "-Onone";
			};
			name = Debug;
		};
		088D1AFB27F7CB1E005CD425 /* Release */ = {
			isa = XCBuildConfiguration;
			buildSettings = {
				ALWAYS_SEARCH_USER_PATHS = NO;
				CLANG_ANALYZER_NONNULL = YES;
				CLANG_ANALYZER_NUMBER_OBJECT_CONVERSION = YES_AGGRESSIVE;
				CLANG_CXX_LANGUAGE_STANDARD = "gnu++17";
				CLANG_ENABLE_MODULES = YES;
				CLANG_ENABLE_OBJC_ARC = YES;
				CLANG_ENABLE_OBJC_WEAK = YES;
				CLANG_WARN_BLOCK_CAPTURE_AUTORELEASING = YES;
				CLANG_WARN_BOOL_CONVERSION = YES;
				CLANG_WARN_COMMA = YES;
				CLANG_WARN_CONSTANT_CONVERSION = YES;
				CLANG_WARN_DEPRECATED_OBJC_IMPLEMENTATIONS = YES;
				CLANG_WARN_DIRECT_OBJC_ISA_USAGE = YES_ERROR;
				CLANG_WARN_DOCUMENTATION_COMMENTS = YES;
				CLANG_WARN_EMPTY_BODY = YES;
				CLANG_WARN_ENUM_CONVERSION = YES;
				CLANG_WARN_INFINITE_RECURSION = YES;
				CLANG_WARN_INT_CONVERSION = YES;
				CLANG_WARN_NON_LITERAL_NULL_CONVERSION = YES;
				CLANG_WARN_OBJC_IMPLICIT_RETAIN_SELF = YES;
				CLANG_WARN_OBJC_LITERAL_CONVERSION = YES;
				CLANG_WARN_OBJC_ROOT_CLASS = YES_ERROR;
				CLANG_WARN_QUOTED_INCLUDE_IN_FRAMEWORK_HEADER = YES;
				CLANG_WARN_RANGE_LOOP_ANALYSIS = YES;
				CLANG_WARN_STRICT_PROTOTYPES = YES;
				CLANG_WARN_SUSPICIOUS_MOVE = YES;
				CLANG_WARN_UNGUARDED_AVAILABILITY = YES_AGGRESSIVE;
				CLANG_WARN_UNREACHABLE_CODE = YES;
				CLANG_WARN__DUPLICATE_METHOD_MATCH = YES;
				COPY_PHASE_STRIP = NO;
				DEBUG_INFORMATION_FORMAT = "dwarf-with-dsym";
				ENABLE_NS_ASSERTIONS = NO;
				ENABLE_STRICT_OBJC_MSGSEND = YES;
				GCC_C_LANGUAGE_STANDARD = gnu11;
				GCC_NO_COMMON_BLOCKS = YES;
				GCC_WARN_64_TO_32_BIT_CONVERSION = YES;
				GCC_WARN_ABOUT_RETURN_TYPE = YES_ERROR;
				GCC_WARN_UNDECLARED_SELECTOR = YES;
				GCC_WARN_UNINITIALIZED_AUTOS = YES_AGGRESSIVE;
				GCC_WARN_UNUSED_FUNCTION = YES;
				GCC_WARN_UNUSED_VARIABLE = YES;
				IPHONEOS_DEPLOYMENT_TARGET = 15.4;
				MTL_ENABLE_DEBUG_INFO = NO;
				MTL_FAST_MATH = YES;
				SDKROOT = iphoneos;
				SWIFT_COMPILATION_MODE = wholemodule;
				SWIFT_OPTIMIZATION_LEVEL = "-O";
				VALIDATE_PRODUCT = YES;
			};
			name = Release;
		};
		088D1AFD27F7CB1E005CD425 /* Debug */ = {
			isa = XCBuildConfiguration;
			buildSettings = {
				ASSETCATALOG_COMPILER_APPICON_NAME = AppIcon;
				ASSETCATALOG_COMPILER_GLOBAL_ACCENT_COLOR_NAME = AccentColor;
				CODE_SIGN_STYLE = Automatic;
				CURRENT_PROJECT_VERSION = 1;
				DEVELOPMENT_TEAM = G94TUA364T;
				GENERATE_INFOPLIST_FILE = YES;
				INFOPLIST_FILE = StoryBoardTutorial/Info.plist;
				INFOPLIST_KEY_UIApplicationSupportsIndirectInputEvents = YES;
				INFOPLIST_KEY_UILaunchStoryboardName = LaunchScreen;
				INFOPLIST_KEY_UIMainStoryboardFile = Main;
				INFOPLIST_KEY_UISupportedInterfaceOrientations_iPad = "UIInterfaceOrientationPortrait UIInterfaceOrientationPortraitUpsideDown UIInterfaceOrientationLandscapeLeft UIInterfaceOrientationLandscapeRight";
				INFOPLIST_KEY_UISupportedInterfaceOrientations_iPhone = "UIInterfaceOrientationPortrait UIInterfaceOrientationLandscapeLeft UIInterfaceOrientationLandscapeRight";
				LD_RUNPATH_SEARCH_PATHS = (
					"$(inherited)",
					"@executable_path/Frameworks",
				);
				MARKETING_VERSION = 1.0;
				PRODUCT_BUNDLE_IDENTIFIER = com.leah.StoryBoardTutorial;
				PRODUCT_NAME = "$(TARGET_NAME)";
				SWIFT_EMIT_LOC_STRINGS = YES;
				SWIFT_VERSION = 5.0;
				TARGETED_DEVICE_FAMILY = "1,2";
			};
			name = Debug;
		};
		088D1AFE27F7CB1E005CD425 /* Release */ = {
			isa = XCBuildConfiguration;
			buildSettings = {
				ASSETCATALOG_COMPILER_APPICON_NAME = AppIcon;
				ASSETCATALOG_COMPILER_GLOBAL_ACCENT_COLOR_NAME = AccentColor;
				CODE_SIGN_STYLE = Automatic;
				CURRENT_PROJECT_VERSION = 1;
				DEVELOPMENT_TEAM = G94TUA364T;
				GENERATE_INFOPLIST_FILE = YES;
				INFOPLIST_FILE = StoryBoardTutorial/Info.plist;
				INFOPLIST_KEY_UIApplicationSupportsIndirectInputEvents = YES;
				INFOPLIST_KEY_UILaunchStoryboardName = LaunchScreen;
				INFOPLIST_KEY_UIMainStoryboardFile = Main;
				INFOPLIST_KEY_UISupportedInterfaceOrientations_iPad = "UIInterfaceOrientationPortrait UIInterfaceOrientationPortraitUpsideDown UIInterfaceOrientationLandscapeLeft UIInterfaceOrientationLandscapeRight";
				INFOPLIST_KEY_UISupportedInterfaceOrientations_iPhone = "UIInterfaceOrientationPortrait UIInterfaceOrientationLandscapeLeft UIInterfaceOrientationLandscapeRight";
				LD_RUNPATH_SEARCH_PATHS = (
					"$(inherited)",
					"@executable_path/Frameworks",
				);
				MARKETING_VERSION = 1.0;
				PRODUCT_BUNDLE_IDENTIFIER = com.leah.StoryBoardTutorial;
				PRODUCT_NAME = "$(TARGET_NAME)";
				SWIFT_EMIT_LOC_STRINGS = YES;
				SWIFT_VERSION = 5.0;
				TARGETED_DEVICE_FAMILY = "1,2";
			};
			name = Release;
		};
/* End XCBuildConfiguration section */

/* Begin XCConfigurationList section */
		088D1AE327F7CB1A005CD425 /* Build configuration list for PBXProject "StoryBoardTutorial" */ = {
			isa = XCConfigurationList;
			buildConfigurations = (
				088D1AFA27F7CB1E005CD425 /* Debug */,
				088D1AFB27F7CB1E005CD425 /* Release */,
			);
			defaultConfigurationIsVisible = 0;
			defaultConfigurationName = Release;
		};
		088D1AFC27F7CB1E005CD425 /* Build configuration list for PBXNativeTarget "StoryBoardTutorial" */ = {
			isa = XCConfigurationList;
			buildConfigurations = (
				088D1AFD27F7CB1E005CD425 /* Debug */,
				088D1AFE27F7CB1E005CD425 /* Release */,
			);
			defaultConfigurationIsVisible = 0;
			defaultConfigurationName = Release;
		};
/* End XCConfigurationList section */

/* Begin XCRemoteSwiftPackageReference section */
		08B089EE27F86C4C00AF71DB /* XCRemoteSwiftPackageReference "SnapKit" */ = {
			isa = XCRemoteSwiftPackageReference;
			repositoryURL = "https://github.com/SnapKit/SnapKit";
			requirement = {
				kind = upToNextMajorVersion;
				minimumVersion = 5.0.0;
			};
		};
/* End XCRemoteSwiftPackageReference section */

/* Begin XCSwiftPackageProductDependency section */
		08B089EF27F86C4C00AF71DB /* SnapKit */ = {
			isa = XCSwiftPackageProductDependency;
			package = 08B089EE27F86C4C00AF71DB /* XCRemoteSwiftPackageReference "SnapKit" */;
			productName = SnapKit;
		};
/* End XCSwiftPackageProductDependency section */
	};
	rootObject = 088D1AE027F7CB1A005CD425 /* Project object */;
}
